{
    "_readme": [
        "This file locks the dependencies of your project to a known state",
        "Read more about it at https://getcomposer.org/doc/01-basic-usage.md#composer-lock-the-lock-file",
        "This file is @generated automatically"
    ],
    "hash": "e87640d50d541190b27b036fd6d3970e",
    "content-hash": "82dad9c2652d9ff545ce9f0aaefdafb8",
    "packages": [
        {
            "name": "components/jquery",
            "version": "2.2.0",
            "source": {
                "type": "git",
                "url": "https://github.com/components/jquery.git",
                "reference": "d8b2ac0c1978e9ed8602789123976b1c7161ef96"
            },
            "dist": {
                "type": "zip",
                "url": "https://api.github.com/repos/components/jquery/zipball/d8b2ac0c1978e9ed8602789123976b1c7161ef96",
                "reference": "d8b2ac0c1978e9ed8602789123976b1c7161ef96",
                "shasum": ""
            },
            "type": "component",
            "extra": {
                "component": {
                    "scripts": [
                        "jquery.js"
                    ],
                    "files": [
                        "jquery.min.js",
                        "jquery.min.map",
                        "jquery-migrate.js",
                        "jquery-migrate.min.js"
                    ]
                }
            },
            "notification-url": "https://packagist.org/downloads/",
            "license": [
                "MIT"
            ],
            "authors": [
                {
                    "name": "John Resig",
                    "email": "jeresig@gmail.com"
                }
            ],
            "description": "jQuery JavaScript Library",
            "homepage": "http://jquery.com",
            "time": "2016-01-08 23:29:41"
        },
        {
            "name": "tinymce/tinymce",
            "version": "4.3.3",
            "source": {
                "type": "git",
                "url": "https://github.com/tinymce/tinymce-dist.git",
                "reference": "ea98451a2b7b7d64b5aa3c33509bd07406a6ab90"
            },
            "dist": {
                "type": "zip",
                "url": "https://api.github.com/repos/tinymce/tinymce-dist/zipball/ea98451a2b7b7d64b5aa3c33509bd07406a6ab90",
                "reference": "ea98451a2b7b7d64b5aa3c33509bd07406a6ab90",
                "shasum": ""
            },
            "type": "component",
            "extra": {
                "component": {
                    "scripts": [
                        "tinymce.js",
                        "plugins/*/plugin.js",
                        "themes/*/theme.js"
                    ],
                    "files": [
                        "tinymce.min.js",
                        "plugins/*/plugin.min.js",
                        "themes/*/theme.min.js",
                        "skins/**"
                    ]
                }
            },
            "notification-url": "https://packagist.org/downloads/",
            "license": [
                "LGPL-2.1"
            ],
            "description": "Web based JavaScript HTML WYSIWYG editor control.",
            "homepage": "http://www.tinymce.com",
            "keywords": [
                "editor",
                "html",
                "javascript",
                "richtext",
                "tinymce",
                "wysiwyg"
            ],
            "time": "2016-01-13 15:10:44"
        }
    ],
    "packages-dev": [],
    "aliases": [],
    "minimum-stability": "stable",
    "stability-flags": [],
    "prefer-stable": false,
    "prefer-lowest": false,
    "platform": {
        "php": ">=5.2.0",
        "ext-gd": "*",
        "ext-mbstring": "*",
        "ext-zip": "*"
    },
    "platform-dev": []
}
